
Microsoft Visual Studio Solution File, Format Version 12.00
# Visual Studio 15
VisualStudioVersion = 15.0.28307.271
MinimumVisualStudioVersion = 10.0.40219.1
Project("{FAE04EC0-301F-11D3-BF4B-00C04F79EFBC}") = "HanafiSalahTider.Android", "HanafiSalahTider\HanafiSalahTider.Android\HanafiSalahTider.Android.csproj", "{1B1E5B7D-D180-434A-9F9E-66BD05E2BE9B}"
EndProject
Project("{FAE04EC0-301F-11D3-BF4B-00C04F79EFBC}") = "HanafiSalahTider.iOS", "HanafiSalahTider\HanafiSalahTider.iOS\HanafiSalahTider.iOS.csproj", "{8E5C566E-9B07-4613-861F-3627CB8F4A7C}"
EndProject
Project("{FAE04EC0-301F-11D3-BF4B-00C04F79EFBC}") = "HanafiSalahTider", "HanafiSalahTider\HanafiSalahTider\HanafiSalahTider.csproj", "{19101D3A-7493-462A-A8D8-8201EAD10A2D}"
EndProject
Global
	GlobalSection(SolutionConfigurationPlatforms) = preSolution
		Ad-Hoc|Any CPU = Ad-Hoc|Any CPU
		Ad-Hoc|iPhone = Ad-Hoc|iPhone
		Ad-Hoc|iPhoneSimulator = Ad-Hoc|iPhoneSimulator
		AppStore|Any CPU = AppStore|Any CPU
		AppStore|iPhone = AppStore|iPhone
		AppStore|iPhoneSimulator = AppStore|iPhoneSimulator
		Debug|Any CPU = Debug|Any CPU
		Debug|iPhone = Debug|iPhone
		Debug|iPhoneSimulator = Debug|iPhoneSimulator
		Release|Any CPU = Release|Any CPU
		Release|iPhone = Release|iPhone
		Release|iPhoneSimulator = Release|iPhoneSimulator
	EndGlobalSection
	GlobalSection(ProjectConfigurationPlatforms) = postSolution
		{1B1E5B7D-D180-434A-9F9E-66BD05E2BE9B}.Ad-Hoc|Any CPU.ActiveCfg = Release|Any CPU
		{1B1E5B7D-D180-434A-9F9E-66BD05E2BE9B}.Ad-Hoc|Any CPU.Build.0 = Release|Any CPU
		{1B1E5B7D-D180-434A-9F9E-66BD05E2BE9B}.Ad-Hoc|Any CPU.Deploy.0 = Release|Any CPU
		{1B1E5B7D-D180-434A-9F9E-66BD05E2BE9B}.Ad-Hoc|iPhone.ActiveCfg = Release|Any CPU
		{1B1E5B7D-D180-434A-9F9E-66BD05E2BE9B}.Ad-Hoc|iPhone.Build.0 = Release|Any CPU
		{1B1E5B7D-D180-434A-9F9E-66BD05E2BE9B}.Ad-Hoc|iPhone.Deploy.0 = Release|Any CPU
		{1B1E5B7D-D180-434A-9F9E-66BD05E2BE9B}.Ad-Hoc|iPhoneSimulator.ActiveCfg = Release|Any CPU
		{1B1E5B7D-D180-434A-9F9E-66BD05E2BE9B}.Ad-Hoc|iPhoneSimulator.Build.0 = Release|Any CPU
		{1B1E5B7D-D180-434A-9F9E-66BD05E2BE9B}.Ad-Hoc|iPhoneSimulator.Deploy.0 = Release|Any CPU
		{1B1E5B7D-D180-434A-9F9E-66BD05E2BE9B}.AppStore|Any CPU.ActiveCfg = Release|Any CPU
		{1B1E5B7D-D180-434A-9F9E-66BD05E2BE9B}.AppStore|Any CPU.Build.0 = Release|Any CPU
		{1B1E5B7D-D180-434A-9F9E-66BD05E2BE9B}.AppStore|Any CPU.Deploy.0 = Release|Any CPU
		{1B1E5B7D-D180-434A-9F9E-66BD05E2BE9B}.AppStore|iPhone.ActiveCfg = Release|Any CPU
		{1B1E5B7D-D180-434A-9F9E-66BD05E2BE9B}.AppStore|iPhone.Build.0 = Release|Any CPU
		{1B1E5B7D-D180-434A-9F9E-66BD05E2BE9B}.AppStore|iPhone.Deploy.0 = Release|Any CPU
		{1B1E5B7D-D180-434A-9F9E-66BD05E2BE9B}.AppStore|iPhoneSimulator.ActiveCfg = Release|Any CPU
		{1B1E5B7D-D180-434A-9F9E-66BD05E2BE9B}.AppStore|iPhoneSimulator.Build.0 = Release|Any CPU
		{1B1E5B7D-D180-434A-9F9E-66BD05E2BE9B}.AppStore|iPhoneSimulator.Deploy.0 = Release|Any CPU
		{1B1E5B7D-D180-434A-9F9E-66BD05E2BE9B}.Debug|Any CPU.ActiveCfg = Debug|Any CPU
		{1B1E5B7D-D180-434A-9F9E-66BD05E2BE9B}.Debug|Any CPU.Build.0 = Debug|Any CPU
		{1B1E5B7D-D180-434A-9F9E-66BD05E2BE9B}.Debug|Any CPU.Deploy.0 = Debug|Any CPU
		{1B1E5B7D-D180-434A-9F9E-66BD05E2BE9B}.Debug|iPhone.ActiveCfg = Debug|Any CPU
		{1B1E5B7D-D180-434A-9F9E-66BD05E2BE9B}.Debug|iPhone.Build.0 = Debug|Any CPU
		{1B1E5B7D-D180-434A-9F9E-66BD05E2BE9B}.Debug|iPhone.Deploy.0 = Debug|Any CPU
		{1B1E5B7D-D180-434A-9F9E-66BD05E2BE9B}.Debug|iPhoneSimulator.ActiveCfg = Debug|Any CPU
		{1B1E5B7D-D180-434A-9F9E-66BD05E2BE9B}.Debug|iPhoneSimulator.Build.0 = Debug|Any CPU
		{1B1E5B7D-D180-434A-9F9E-66BD05E2BE9B}.Debug|iPhoneSimulator.Deploy.0 = Debug|Any CPU
		{1B1E5B7D-D180-434A-9F9E-66BD05E2BE9B}.Release|Any CPU.ActiveCfg = Release|Any CPU
		{1B1E5B7D-D180-434A-9F9E-66BD05E2BE9B}.Release|Any CPU.Build.0 = Release|Any CPU
		{1B1E5B7D-D180-434A-9F9E-66BD05E2BE9B}.Release|Any CPU.Deploy.0 = Release|Any CPU
		{1B1E5B7D-D180-434A-9F9E-66BD05E2BE9B}.Release|iPhone.ActiveCfg = Release|Any CPU
		{1B1E5B7D-D180-434A-9F9E-66BD05E2BE9B}.Release|iPhone.Build.0 = Release|Any CPU
		{1B1E5B7D-D180-434A-9F9E-66BD05E2BE9B}.Release|iPhone.Deploy.0 = Release|Any CPU
		{1B1E5B7D-D180-434A-9F9E-66BD05E2BE9B}.Release|iPhoneSimulator.ActiveCfg = Release|Any CPU
		{1B1E5B7D-D180-434A-9F9E-66BD05E2BE9B}.Release|iPhoneSimulator.Build.0 = Release|Any CPU
		{1B1E5B7D-D180-434A-9F9E-66BD05E2BE9B}.Release|iPhoneSimulator.Deploy.0 = Release|Any CPU
		{8E5C566E-9B07-4613-861F-3627CB8F4A7C}.Ad-Hoc|Any CPU.ActiveCfg = Ad-Hoc|iPhone
		{8E5C566E-9B07-4613-861F-3627CB8F4A7C}.Ad-Hoc|Any CPU.Build.0 = Ad-Hoc|iPhone
		{8E5C566E-9B07-4613-861F-3627CB8F4A7C}.Ad-Hoc|Any CPU.Deploy.0 = Ad-Hoc|iPhone
		{8E5C566E-9B07-4613-861F-3627CB8F4A7C}.Ad-Hoc|iPhone.ActiveCfg = Ad-Hoc|iPhone
		{8E5C566E-9B07-4613-861F-3627CB8F4A7C}.Ad-Hoc|iPhone.Build.0 = Ad-Hoc|iPhone
		{8E5C566E-9B07-4613-861F-3627CB8F4A7C}.Ad-Hoc|iPhone.Deploy.0 = Ad-Hoc|iPhone
		{8E5C566E-9B07-4613-861F-3627CB8F4A7C}.Ad-Hoc|iPhoneSimulator.ActiveCfg = Ad-Hoc|iPhoneSimulator
		{8E5C566E-9B07-4613-861F-3627CB8F4A7C}.Ad-Hoc|iPhoneSimulator.Build.0 = Ad-Hoc|iPhoneSimulator
		{8E5C566E-9B07-4613-861F-3627CB8F4A7C}.Ad-Hoc|iPhoneSimulator.Deploy.0 = Ad-Hoc|iPhoneSimulator
		{8E5C566E-9B07-4613-861F-3627CB8F4A7C}.AppStore|Any CPU.ActiveCfg = AppStore|iPhone
		{8E5C566E-9B07-4613-861F-3627CB8F4A7C}.AppStore|Any CPU.Build.0 = AppStore|iPhone
		{8E5C566E-9B07-4613-861F-3627CB8F4A7C}.AppStore|Any CPU.Deploy.0 = AppStore|iPhone
		{8E5C566E-9B07-4613-861F-3627CB8F4A7C}.AppStore|iPhone.ActiveCfg = AppStore|iPhone
		{8E5C566E-9B07-4613-861F-3627CB8F4A7C}.AppStore|iPhone.Build.0 = AppStore|iPhone
		{8E5C566E-9B07-4613-861F-3627CB8F4A7C}.AppStore|iPhone.Deploy.0 = AppStore|iPhone
		{8E5C566E-9B07-4613-861F-3627CB8F4A7C}.AppStore|iPhoneSimulator.ActiveCfg = AppStore|iPhoneSimulator
		{8E5C566E-9B07-4613-861F-3627CB8F4A7C}.AppStore|iPhoneSimulator.Build.0 = AppStore|iPhoneSimulator
		{8E5C566E-9B07-4613-861F-3627CB8F4A7C}.AppStore|iPhoneSimulator.Deploy.0 = AppStore|iPhoneSimulator
		{8E5C566E-9B07-4613-861F-3627CB8F4A7C}.Debug|Any CPU.ActiveCfg = Debug|iPhoneSimulator
		{8E5C566E-9B07-4613-861F-3627CB8F4A7C}.Debug|Any CPU.Build.0 = Debug|iPhoneSimulator
		{8E5C566E-9B07-4613-861F-3627CB8F4A7C}.Debug|Any CPU.Deploy.0 = Debug|iPhoneSimulator
		{8E5C566E-9B07-4613-861F-3627CB8F4A7C}.Debug|iPhone.ActiveCfg = Debug|iPhone
		{8E5C566E-9B07-4613-861F-3627CB8F4A7C}.Debug|iPhone.Build.0 = Debug|iPhone
		{8E5C566E-9B07-4613-861F-3627CB8F4A7C}.Debug|iPhone.Deploy.0 = Debug|iPhone
		{8E5C566E-9B07-4613-861F-3627CB8F4A7C}.Debug|iPhoneSimulator.ActiveCfg = Debug|iPhoneSimulator
		{8E5C566E-9B07-4613-861F-3627CB8F4A7C}.Debug|iPhoneSimulator.Build.0 = Debug|iPhoneSimulator
		{8E5C566E-9B07-4613-861F-3627CB8F4A7C}.Debug|iPhoneSimulator.Deploy.0 = Debug|iPhoneSimulator
		{8E5C566E-9B07-4613-861F-3627CB8F4A7C}.Release|Any CPU.ActiveCfg = Release|iPhone
		{8E5C566E-9B07-4613-861F-3627CB8F4A7C}.Release|Any CPU.Build.0 = Release|iPhone
		{8E5C566E-9B07-4613-861F-3627CB8F4A7C}.Release|Any CPU.Deploy.0 = Release|iPhone
		{8E5C566E-9B07-4613-861F-3627CB8F4A7C}.Release|iPhone.ActiveCfg = Release|iPhone
		{8E5C566E-9B07-4613-861F-3627CB8F4A7C}.Release|iPhone.Build.0 = Release|iPhone
		{8E5C566E-9B07-4613-861F-3627CB8F4A7C}.Release|iPhone.Deploy.0 = Release|iPhone
		{8E5C566E-9B07-4613-861F-3627CB8F4A7C}.Release|iPhoneSimulator.ActiveCfg = Release|iPhoneSimulator
		{8E5C566E-9B07-4613-861F-3627CB8F4A7C}.Release|iPhoneSimulator.Build.0 = Release|iPhoneSimulator
		{8E5C566E-9B07-4613-861F-3627CB8F4A7C}.Release|iPhoneSimulator.Deploy.0 = Release|iPhoneSimulator
		{19101D3A-7493-462A-A8D8-8201EAD10A2D}.Ad-Hoc|Any CPU.ActiveCfg = Debug|Any CPU
		{19101D3A-7493-462A-A8D8-8201EAD10A2D}.Ad-Hoc|Any CPU.Build.0 = Debug|Any CPU
		{19101D3A-7493-462A-A8D8-8201EAD10A2D}.Ad-Hoc|Any CPU.Deploy.0 = Debug|Any CPU
		{19101D3A-7493-462A-A8D8-8201EAD10A2D}.Ad-Hoc|iPhone.ActiveCfg = Debug|Any CPU
		{19101D3A-7493-462A-A8D8-8201EAD10A2D}.Ad-Hoc|iPhone.Build.0 = Debug|Any CPU
		{19101D3A-7493-462A-A8D8-8201EAD10A2D}.Ad-Hoc|iPhone.Deploy.0 = Debug|Any CPU
		{19101D3A-7493-462A-A8D8-8201EAD10A2D}.Ad-Hoc|iPhoneSimulator.ActiveCfg = Debug|Any CPU
		{19101D3A-7493-462A-A8D8-8201EAD10A2D}.Ad-Hoc|iPhoneSimulator.Build.0 = Debug|Any CPU
		{19101D3A-7493-462A-A8D8-8201EAD10A2D}.Ad-Hoc|iPhoneSimulator.Deploy.0 = Debug|Any CPU
		{19101D3A-7493-462A-A8D8-8201EAD10A2D}.AppStore|Any CPU.ActiveCfg = Debug|Any CPU
		{19101D3A-7493-462A-A8D8-8201EAD10A2D}.AppStore|Any CPU.Build.0 = Debug|Any CPU
		{19101D3A-7493-462A-A8D8-8201EAD10A2D}.AppStore|Any CPU.Deploy.0 = Debug|Any CPU
		{19101D3A-7493-462A-A8D8-8201EAD10A2D}.AppStore|iPhone.ActiveCfg = Debug|Any CPU
		{19101D3A-7493-462A-A8D8-8201EAD10A2D}.AppStore|iPhone.Build.0 = Debug|Any CPU
		{19101D3A-7493-462A-A8D8-8201EAD10A2D}.AppStore|iPhone.Deploy.0 = Debug|Any CPU
		{19101D3A-7493-462A-A8D8-8201EAD10A2D}.AppStore|iPhoneSimulator.ActiveCfg = Debug|Any CPU
		{19101D3A-7493-462A-A8D8-8201EAD10A2D}.AppStore|iPhoneSimulator.Build.0 = Debug|Any CPU
		{19101D3A-7493-462A-A8D8-8201EAD10A2D}.AppStore|iPhoneSimulator.Deploy.0 = Debug|Any CPU
		{19101D3A-7493-462A-A8D8-8201EAD10A2D}.Debug|Any CPU.ActiveCfg = Debug|Any CPU
		{19101D3A-7493-462A-A8D8-8201EAD10A2D}.Debug|Any CPU.Build.0 = Debug|Any CPU
		{19101D3A-7493-462A-A8D8-8201EAD10A2D}.Debug|Any CPU.Deploy.0 = Debug|Any CPU
		{19101D3A-7493-462A-A8D8-8201EAD10A2D}.Debug|iPhone.ActiveCfg = Debug|Any CPU
		{19101D3A-7493-462A-A8D8-8201EAD10A2D}.Debug|iPhone.Build.0 = Debug|Any CPU
		{19101D3A-7493-462A-A8D8-8201EAD10A2D}.Debug|iPhone.Deploy.0 = Debug|Any CPU
		{19101D3A-7493-462A-A8D8-8201EAD10A2D}.Debug|iPhoneSimulator.ActiveCfg = Debug|Any CPU
		{19101D3A-7493-462A-A8D8-8201EAD10A2D}.Debug|iPhoneSimulator.Build.0 = Debug|Any CPU
		{19101D3A-7493-462A-A8D8-8201EAD10A2D}.Debug|iPhoneSimulator.Deploy.0 = Debug|Any CPU
		{19101D3A-7493-462A-A8D8-8201EAD10A2D}.Release|Any CPU.ActiveCfg = Release|Any CPU
		{19101D3A-7493-462A-A8D8-8201EAD10A2D}.Release|Any CPU.Build.0 = Release|Any CPU
		{19101D3A-7493-462A-A8D8-8201EAD10A2D}.Release|Any CPU.Deploy.0 = Release|Any CPU
		{19101D3A-7493-462A-A8D8-8201EAD10A2D}.Release|iPhone.ActiveCfg = Release|Any CPU
		{19101D3A-7493-462A-A8D8-8201EAD10A2D}.Release|iPhone.Build.0 = Release|Any CPU
		{19101D3A-7493-462A-A8D8-8201EAD10A2D}.Release|iPhone.Deploy.0 = Release|Any CPU
		{19101D3A-7493-462A-A8D8-8201EAD10A2D}.Release|iPhoneSimulator.ActiveCfg = Release|Any CPU
		{19101D3A-7493-462A-A8D8-8201EAD10A2D}.Release|iPhoneSimulator.Build.0 = Release|Any CPU
		{19101D3A-7493-462A-A8D8-8201EAD10A2D}.Release|iPhoneSimulator.Deploy.0 = Release|Any CPU
	EndGlobalSection
	GlobalSection(SolutionProperties) = preSolution
		HideSolutionNode = FALSE
	EndGlobalSection
	GlobalSection(ExtensibilityGlobals) = postSolution
		SolutionGuid = {952E40A9-64CB-417D-9016-6B274744FEDC}
	EndGlobalSection
EndGlobal
